{
  "version": 4,
  "terraform_version": "1.3.9",
  "serial": 3,
  "lineage": "dd63656c-35f3-5728-a859-d3cbae148057",
  "outputs": {},
  "resources": [
    {
      "mode": "managed",
      "type": "aws_instance",
      "name": "myfirstec2",
      "provider": "provider[\"registry.terraform.io/hashicorp/aws\"]",
      "instances": [
        {
          "schema_version": 1,
          "attributes": {
            "ami": "ami-0e742cca61fb65051",
            "arn": "arn:aws:ec2:ap-south-1:657598427014:instance/i-098cbd8b9db3692bb",
            "associate_public_ip_address": true,
            "availability_zone": "ap-south-1b",
            "capacity_reservation_specification": [
              {
                "capacity_reservation_preference": "open",
                "capacity_reservation_target": []
              }
            ],
            "cpu_core_count": 1,
            "cpu_threads_per_core": 1,
            "credit_specification": [
              {
                "cpu_credits": "standard"
              }
            ],
            "disable_api_stop": false,
            "disable_api_termination": false,
            "ebs_block_device": [],
            "ebs_optimized": false,
            "enclave_options": [
              {
                "enabled": false
              }
            ],
            "ephemeral_block_device": [],
            "get_password_data": false,
            "hibernation": false,
            "host_id": "",
            "host_resource_group_arn": null,
            "iam_instance_profile": "",
            "id": "i-098cbd8b9db3692bb",
            "instance_initiated_shutdown_behavior": "stop",
            "instance_state": "running",
            "instance_type": "t2.micro",
            "ipv6_address_count": 0,
            "ipv6_addresses": [],
            "key_name": "terraform-20230224124404589500000001",
            "launch_template": [],
            "maintenance_options": [
              {
                "auto_recovery": "default"
              }
            ],
            "metadata_options": [
              {
                "http_endpoint": "enabled",
                "http_put_response_hop_limit": 1,
                "http_tokens": "optional",
                "instance_metadata_tags": "disabled"
              }
            ],
            "monitoring": false,
            "network_interface": [],
            "outpost_arn": "",
            "password_data": "",
            "placement_group": "",
            "placement_partition_number": 0,
            "primary_network_interface_id": "eni-07033a97788b078d0",
            "private_dns": "ip-172-31-15-83.ap-south-1.compute.internal",
            "private_dns_name_options": [
              {
                "enable_resource_name_dns_a_record": false,
                "enable_resource_name_dns_aaaa_record": false,
                "hostname_type": "ip-name"
              }
            ],
            "private_ip": "172.31.15.83",
            "public_dns": "ec2-13-235-79-65.ap-south-1.compute.amazonaws.com",
            "public_ip": "13.235.79.65",
            "root_block_device": [
              {
                "delete_on_termination": true,
                "device_name": "/dev/xvda",
                "encrypted": false,
                "iops": 100,
                "kms_key_id": "",
                "tags": {},
                "throughput": 0,
                "volume_id": "vol-07b32c8eb039f49df",
                "volume_size": 8,
                "volume_type": "gp2"
              }
            ],
            "secondary_private_ips": [],
            "security_groups": [
              "default"
            ],
            "source_dest_check": true,
            "subnet_id": "subnet-0607174366bc50d3a",
            "tags": null,
            "tags_all": {},
            "tenancy": "default",
            "timeouts": null,
            "user_data": "07024e93e076ea849f4c9e07c92520c4764f9296",
            "user_data_base64": null,
            "user_data_replace_on_change": false,
            "volume_tags": null,
            "vpc_security_group_ids": [
              "sg-00c234b6299828f32"
            ]
          },
          "sensitive_attributes": [],
          "private": "eyJlMmJmYjczMC1lY2FhLTExZTYtOGY4OC0zNDM2M2JjN2M0YzAiOnsiY3JlYXRlIjo2MDAwMDAwMDAwMDAsImRlbGV0ZSI6MTIwMDAwMDAwMDAwMCwidXBkYXRlIjo2MDAwMDAwMDAwMDB9LCJzY2hlbWFfdmVyc2lvbiI6IjEifQ==",
          "dependencies": [
            "aws_key_pair.web"
          ]
        }
      ]
    },
    {
      "mode": "managed",
      "type": "aws_key_pair",
      "name": "web",
      "provider": "provider[\"registry.terraform.io/hashicorp/aws\"]",
      "instances": [
        {
          "schema_version": 1,
          "attributes": {
            "arn": "arn:aws:ec2:ap-south-1:657598427014:key-pair/terraform-20230224124404589500000001",
            "fingerprint": "c4:23:b9:83:82:73:ce:ca:82:09:49:57:25:b6:2e:4c",
            "id": "terraform-20230224124404589500000001",
            "key_name": "terraform-20230224124404589500000001",
            "key_name_prefix": "terraform-",
            "key_pair_id": "key-0512955a8e9df6eeb",
            "key_type": "rsa",
            "public_key": "ssh-rsa AAAAB3NzaC1yc2EAAAADAQABAAABgQDQHoWm9XU+ebb+ehkw5YrYoBWf8d1GvrK6clBQTrqvu8j37X5t1icnoF7sH92zumDvJ0IFn7in5Z1/beo6czOI6Gfi1TFCB2UmlnMIEi6pOB/hpT18ay9/4z7m2JvLsuCOkoMY0ywR+BSoPRTg6Xz6nxT9lQvckEQZFuOOK0ULhRQTbEXUUL30R4f8v0Klls1uG9as90H9u7m/XaebifbuuRRf5iauPWqSHTn1gtaVkNthdArLiOKY461JyEiKLDZ9eve1rJQpYBKkZjYbw5CidF9ALwAiktjhJIaLLPUPmsa0NGCxssQjXJQhlA3nqXzWY0y/pQVXoCRCcvGfFvR3eb11prSNDxjt8x5uIU/1eRq58Syp2+ohZnriB74CC6yl9NttyjC2hvTSOVevYGlE//pwagQlCcFA1ucGM9tV5FsioX9d8GGUfIa6i3TaaCsL75st/fXdgPraIT3pkgkOg4rQ47ftXeGWJAo1I3nWwb1+DAWhBKi/nobdaxuQawU= root@manager",
            "tags": null,
            "tags_all": {}
          },
          "sensitive_attributes": [],
          "private": "eyJzY2hlbWFfdmVyc2lvbiI6IjEifQ=="
        }
      ]
    }
  ],
  "check_results": null
}
