{
  "version": 4,
  "terraform_version": "1.3.9",
  "serial": 1,
  "lineage": "94bf4b4f-276a-cd3c-e17b-ab002e2e9ddf",
  "outputs": {},
  "resources": [
    {
      "mode": "managed",
      "type": "aws_iam_user",
      "name": "testuser",
      "provider": "provider[\"registry.terraform.io/hashicorp/aws\"]",
      "instances": [
        {
          "schema_version": 0,
          "attributes": {
            "arn": "arn:aws:iam::657598427014:user/jm",
            "force_destroy": false,
            "id": "jm",
            "name": "jm",
            "path": "/",
            "permissions_boundary": null,
            "tags": null,
            "tags_all": {},
            "unique_id": "AIDAZSG7LV6DMG6A4ULSK"
          },
          "sensitive_attributes": [],
          "private": "bnVsbA=="
        }
      ]
    }
  ],
  "check_results": null
}
